
Microsoft Visual Studio Solution File, Format Version 12.00
# Visual Studio Version 17
VisualStudioVersion = 17.0.31903.59
MinimumVisualStudioVersion = 10.0.40219.1
Project("{2150E333-8FDC-42A3-9474-1A3956D46DE8}") = "Src", "Src", "{827E0CD3-B72D-47B6-A68D-7590B98EB39B}"
EndProject
Project("{FAE04EC0-301F-11D3-BF4B-00C04F79EFBC}") = "BBB-ApplicationDashboard.Api", "Src\BBB-ApplicationDashboard.Api\BBB-ApplicationDashboard.Api.csproj", "{72A9FC07-014E-42BA-8D3F-EEA5FF32B100}"
EndProject
Project("{FAE04EC0-301F-11D3-BF4B-00C04F79EFBC}") = "BBB-ApplicationDashboard.Application", "Src\BBB-ApplicationDashboard.Application\BBB-ApplicationDashboard.Application.csproj", "{A104D334-5AE0-4675-B02D-95C1E5CAE85F}"
EndProject
Project("{FAE04EC0-301F-11D3-BF4B-00C04F79EFBC}") = "BBB-ApplicationDashboard.Domain", "Src\BBB-ApplicationDashboard.Domain\BBB-ApplicationDashboard.Domain.csproj", "{0216DA71-6CF7-436A-B09D-4BEF1D1EAF31}"
EndProject
Project("{FAE04EC0-301F-11D3-BF4B-00C04F79EFBC}") = "BBB-ApplicationDashboard.Infrastructure", "Src\BBB-ApplicationDashboard.Infrastructure\BBB-ApplicationDashboard.Infrastructure.csproj", "{EDAA390C-862A-40A2-A81A-0996576E1FDE}"
EndProject
Global
	GlobalSection(SolutionConfigurationPlatforms) = preSolution
		Debug|Any CPU = Debug|Any CPU
		Debug|x64 = Debug|x64
		Debug|x86 = Debug|x86
		Release|Any CPU = Release|Any CPU
		Release|x64 = Release|x64
		Release|x86 = Release|x86
	EndGlobalSection
	GlobalSection(ProjectConfigurationPlatforms) = postSolution
		{72A9FC07-014E-42BA-8D3F-EEA5FF32B100}.Debug|Any CPU.ActiveCfg = Debug|Any CPU
		{72A9FC07-014E-42BA-8D3F-EEA5FF32B100}.Debug|Any CPU.Build.0 = Debug|Any CPU
		{72A9FC07-014E-42BA-8D3F-EEA5FF32B100}.Debug|x64.ActiveCfg = Debug|Any CPU
		{72A9FC07-014E-42BA-8D3F-EEA5FF32B100}.Debug|x64.Build.0 = Debug|Any CPU
		{72A9FC07-014E-42BA-8D3F-EEA5FF32B100}.Debug|x86.ActiveCfg = Debug|Any CPU
		{72A9FC07-014E-42BA-8D3F-EEA5FF32B100}.Debug|x86.Build.0 = Debug|Any CPU
		{72A9FC07-014E-42BA-8D3F-EEA5FF32B100}.Release|Any CPU.ActiveCfg = Release|Any CPU
		{72A9FC07-014E-42BA-8D3F-EEA5FF32B100}.Release|Any CPU.Build.0 = Release|Any CPU
		{72A9FC07-014E-42BA-8D3F-EEA5FF32B100}.Release|x64.ActiveCfg = Release|Any CPU
		{72A9FC07-014E-42BA-8D3F-EEA5FF32B100}.Release|x64.Build.0 = Release|Any CPU
		{72A9FC07-014E-42BA-8D3F-EEA5FF32B100}.Release|x86.ActiveCfg = Release|Any CPU
		{72A9FC07-014E-42BA-8D3F-EEA5FF32B100}.Release|x86.Build.0 = Release|Any CPU
		{A104D334-5AE0-4675-B02D-95C1E5CAE85F}.Debug|Any CPU.ActiveCfg = Debug|Any CPU
		{A104D334-5AE0-4675-B02D-95C1E5CAE85F}.Debug|Any CPU.Build.0 = Debug|Any CPU
		{A104D334-5AE0-4675-B02D-95C1E5CAE85F}.Debug|x64.ActiveCfg = Debug|Any CPU
		{A104D334-5AE0-4675-B02D-95C1E5CAE85F}.Debug|x64.Build.0 = Debug|Any CPU
		{A104D334-5AE0-4675-B02D-95C1E5CAE85F}.Debug|x86.ActiveCfg = Debug|Any CPU
		{A104D334-5AE0-4675-B02D-95C1E5CAE85F}.Debug|x86.Build.0 = Debug|Any CPU
		{A104D334-5AE0-4675-B02D-95C1E5CAE85F}.Release|Any CPU.ActiveCfg = Release|Any CPU
		{A104D334-5AE0-4675-B02D-95C1E5CAE85F}.Release|Any CPU.Build.0 = Release|Any CPU
		{A104D334-5AE0-4675-B02D-95C1E5CAE85F}.Release|x64.ActiveCfg = Release|Any CPU
		{A104D334-5AE0-4675-B02D-95C1E5CAE85F}.Release|x64.Build.0 = Release|Any CPU
		{A104D334-5AE0-4675-B02D-95C1E5CAE85F}.Release|x86.ActiveCfg = Release|Any CPU
		{A104D334-5AE0-4675-B02D-95C1E5CAE85F}.Release|x86.Build.0 = Release|Any CPU
		{0216DA71-6CF7-436A-B09D-4BEF1D1EAF31}.Debug|Any CPU.ActiveCfg = Debug|Any CPU
		{0216DA71-6CF7-436A-B09D-4BEF1D1EAF31}.Debug|Any CPU.Build.0 = Debug|Any CPU
		{0216DA71-6CF7-436A-B09D-4BEF1D1EAF31}.Debug|x64.ActiveCfg = Debug|Any CPU
		{0216DA71-6CF7-436A-B09D-4BEF1D1EAF31}.Debug|x64.Build.0 = Debug|Any CPU
		{0216DA71-6CF7-436A-B09D-4BEF1D1EAF31}.Debug|x86.ActiveCfg = Debug|Any CPU
		{0216DA71-6CF7-436A-B09D-4BEF1D1EAF31}.Debug|x86.Build.0 = Debug|Any CPU
		{0216DA71-6CF7-436A-B09D-4BEF1D1EAF31}.Release|Any CPU.ActiveCfg = Release|Any CPU
		{0216DA71-6CF7-436A-B09D-4BEF1D1EAF31}.Release|Any CPU.Build.0 = Release|Any CPU
		{0216DA71-6CF7-436A-B09D-4BEF1D1EAF31}.Release|x64.ActiveCfg = Release|Any CPU
		{0216DA71-6CF7-436A-B09D-4BEF1D1EAF31}.Release|x64.Build.0 = Release|Any CPU
		{0216DA71-6CF7-436A-B09D-4BEF1D1EAF31}.Release|x86.ActiveCfg = Release|Any CPU
		{0216DA71-6CF7-436A-B09D-4BEF1D1EAF31}.Release|x86.Build.0 = Release|Any CPU
		{EDAA390C-862A-40A2-A81A-0996576E1FDE}.Debug|Any CPU.ActiveCfg = Debug|Any CPU
		{EDAA390C-862A-40A2-A81A-0996576E1FDE}.Debug|Any CPU.Build.0 = Debug|Any CPU
		{EDAA390C-862A-40A2-A81A-0996576E1FDE}.Debug|x64.ActiveCfg = Debug|Any CPU
		{EDAA390C-862A-40A2-A81A-0996576E1FDE}.Debug|x64.Build.0 = Debug|Any CPU
		{EDAA390C-862A-40A2-A81A-0996576E1FDE}.Debug|x86.ActiveCfg = Debug|Any CPU
		{EDAA390C-862A-40A2-A81A-0996576E1FDE}.Debug|x86.Build.0 = Debug|Any CPU
		{EDAA390C-862A-40A2-A81A-0996576E1FDE}.Release|Any CPU.ActiveCfg = Release|Any CPU
		{EDAA390C-862A-40A2-A81A-0996576E1FDE}.Release|Any CPU.Build.0 = Release|Any CPU
		{EDAA390C-862A-40A2-A81A-0996576E1FDE}.Release|x64.ActiveCfg = Release|Any CPU
		{EDAA390C-862A-40A2-A81A-0996576E1FDE}.Release|x64.Build.0 = Release|Any CPU
		{EDAA390C-862A-40A2-A81A-0996576E1FDE}.Release|x86.ActiveCfg = Release|Any CPU
		{EDAA390C-862A-40A2-A81A-0996576E1FDE}.Release|x86.Build.0 = Release|Any CPU
	EndGlobalSection
	GlobalSection(SolutionProperties) = preSolution
		HideSolutionNode = FALSE
	EndGlobalSection
	GlobalSection(NestedProjects) = preSolution
		{72A9FC07-014E-42BA-8D3F-EEA5FF32B100} = {827E0CD3-B72D-47B6-A68D-7590B98EB39B}
		{A104D334-5AE0-4675-B02D-95C1E5CAE85F} = {827E0CD3-B72D-47B6-A68D-7590B98EB39B}
		{0216DA71-6CF7-436A-B09D-4BEF1D1EAF31} = {827E0CD3-B72D-47B6-A68D-7590B98EB39B}
		{EDAA390C-862A-40A2-A81A-0996576E1FDE} = {827E0CD3-B72D-47B6-A68D-7590B98EB39B}
	EndGlobalSection
EndGlobal
